<<<<<<< HEAD
﻿
Microsoft Visual Studio Solution File, Format Version 12.00
# Visual Studio Version 17
VisualStudioVersion = 17.10.35013.160
MinimumVisualStudioVersion = 10.0.40219.1
Project("{FAE04EC0-301F-11D3-BF4B-00C04F79EFBC}") = "task 3", "task 3\task 3.csproj", "{84B2C36F-43D0-4EEC-92E2-A961039C3FA3}"
EndProject
Global
	GlobalSection(SolutionConfigurationPlatforms) = preSolution
		Debug|Any CPU = Debug|Any CPU
		Release|Any CPU = Release|Any CPU
	EndGlobalSection
	GlobalSection(ProjectConfigurationPlatforms) = postSolution
		{84B2C36F-43D0-4EEC-92E2-A961039C3FA3}.Debug|Any CPU.ActiveCfg = Debug|Any CPU
		{84B2C36F-43D0-4EEC-92E2-A961039C3FA3}.Debug|Any CPU.Build.0 = Debug|Any CPU
		{84B2C36F-43D0-4EEC-92E2-A961039C3FA3}.Release|Any CPU.ActiveCfg = Release|Any CPU
		{84B2C36F-43D0-4EEC-92E2-A961039C3FA3}.Release|Any CPU.Build.0 = Release|Any CPU
	EndGlobalSection
	GlobalSection(SolutionProperties) = preSolution
		HideSolutionNode = FALSE
	EndGlobalSection
	GlobalSection(ExtensibilityGlobals) = postSolution
		SolutionGuid = {D64D1905-3401-404D-B1FD-6AFC914C99D3}
	EndGlobalSection
EndGlobal
=======
﻿
Microsoft Visual Studio Solution File, Format Version 12.00
# Visual Studio Version 17
VisualStudioVersion = 17.10.35013.160
MinimumVisualStudioVersion = 10.0.40219.1
Project("{FAE04EC0-301F-11D3-BF4B-00C04F79EFBC}") = "task 3", "task 3\task 3.csproj", "{84B2C36F-43D0-4EEC-92E2-A961039C3FA3}"
EndProject
Global
	GlobalSection(SolutionConfigurationPlatforms) = preSolution
		Debug|Any CPU = Debug|Any CPU
		Release|Any CPU = Release|Any CPU
	EndGlobalSection
	GlobalSection(ProjectConfigurationPlatforms) = postSolution
		{84B2C36F-43D0-4EEC-92E2-A961039C3FA3}.Debug|Any CPU.ActiveCfg = Debug|Any CPU
		{84B2C36F-43D0-4EEC-92E2-A961039C3FA3}.Debug|Any CPU.Build.0 = Debug|Any CPU
		{84B2C36F-43D0-4EEC-92E2-A961039C3FA3}.Release|Any CPU.ActiveCfg = Release|Any CPU
		{84B2C36F-43D0-4EEC-92E2-A961039C3FA3}.Release|Any CPU.Build.0 = Release|Any CPU
	EndGlobalSection
	GlobalSection(SolutionProperties) = preSolution
		HideSolutionNode = FALSE
	EndGlobalSection
	GlobalSection(ExtensibilityGlobals) = postSolution
		SolutionGuid = {D64D1905-3401-404D-B1FD-6AFC914C99D3}
	EndGlobalSection
EndGlobal
>>>>>>> acd98835b3a9f9d92a95b3d5036d871075cd1ce7
