<<<<<<< HEAD
﻿
Microsoft Visual Studio Solution File, Format Version 12.00
# Visual Studio Version 17
VisualStudioVersion = 17.10.35013.160
MinimumVisualStudioVersion = 10.0.40219.1
Project("{FAE04EC0-301F-11D3-BF4B-00C04F79EFBC}") = "person", "task4\person.csproj", "{A03D9BBB-3CC6-4DC6-BB56-D78F304243B1}"
EndProject
Global
	GlobalSection(SolutionConfigurationPlatforms) = preSolution
		Debug|Any CPU = Debug|Any CPU
		Release|Any CPU = Release|Any CPU
	EndGlobalSection
	GlobalSection(ProjectConfigurationPlatforms) = postSolution
		{A03D9BBB-3CC6-4DC6-BB56-D78F304243B1}.Debug|Any CPU.ActiveCfg = Debug|Any CPU
		{A03D9BBB-3CC6-4DC6-BB56-D78F304243B1}.Debug|Any CPU.Build.0 = Debug|Any CPU
		{A03D9BBB-3CC6-4DC6-BB56-D78F304243B1}.Release|Any CPU.ActiveCfg = Release|Any CPU
		{A03D9BBB-3CC6-4DC6-BB56-D78F304243B1}.Release|Any CPU.Build.0 = Release|Any CPU
	EndGlobalSection
	GlobalSection(SolutionProperties) = preSolution
		HideSolutionNode = FALSE
	EndGlobalSection
	GlobalSection(ExtensibilityGlobals) = postSolution
		SolutionGuid = {750D67E0-2FB4-4A71-A789-0DE834A6C059}
	EndGlobalSection
EndGlobal
=======
﻿
Microsoft Visual Studio Solution File, Format Version 12.00
# Visual Studio Version 17
VisualStudioVersion = 17.10.35013.160
MinimumVisualStudioVersion = 10.0.40219.1
Project("{FAE04EC0-301F-11D3-BF4B-00C04F79EFBC}") = "task4", "task4\task4.csproj", "{A03D9BBB-3CC6-4DC6-BB56-D78F304243B1}"
EndProject
Global
	GlobalSection(SolutionConfigurationPlatforms) = preSolution
		Debug|Any CPU = Debug|Any CPU
		Release|Any CPU = Release|Any CPU
	EndGlobalSection
	GlobalSection(ProjectConfigurationPlatforms) = postSolution
		{A03D9BBB-3CC6-4DC6-BB56-D78F304243B1}.Debug|Any CPU.ActiveCfg = Debug|Any CPU
		{A03D9BBB-3CC6-4DC6-BB56-D78F304243B1}.Debug|Any CPU.Build.0 = Debug|Any CPU
		{A03D9BBB-3CC6-4DC6-BB56-D78F304243B1}.Release|Any CPU.ActiveCfg = Release|Any CPU
		{A03D9BBB-3CC6-4DC6-BB56-D78F304243B1}.Release|Any CPU.Build.0 = Release|Any CPU
	EndGlobalSection
	GlobalSection(SolutionProperties) = preSolution
		HideSolutionNode = FALSE
	EndGlobalSection
	GlobalSection(ExtensibilityGlobals) = postSolution
		SolutionGuid = {750D67E0-2FB4-4A71-A789-0DE834A6C059}
	EndGlobalSection
EndGlobal
>>>>>>> acd98835b3a9f9d92a95b3d5036d871075cd1ce7
